
Microsoft Visual Studio Solution File, Format Version 12.00
# Visual Studio Version 17
VisualStudioVersion = 17.0.31903.59
MinimumVisualStudioVersion = 10.0.40219.1
Project("{2150E333-8FDC-42A3-9474-1A3956D46DE8}") = "src", "src", "{827E0CD3-B72D-47B6-A68D-7590B98EB39B}"
EndProject
Project("{FAE04EC0-301F-11D3-BF4B-00C04F79EFBC}") = "QuickLook.Plugin.DuckDbViewer", "src\QuickLook.Plugin.DuckDbViewer\QuickLook.Plugin.DuckDbViewer.csproj", "{7A6FE029-A0CF-4FA7-8C72-322F4E7CBA40}"
EndProject
Project("{FAE04EC0-301F-11D3-BF4B-00C04F79EFBC}") = "QuickLook.Plugin.DuckDbViewer.Tests", "tests\QuickLook.Plugin.DuckDbViewer.Tests\QuickLook.Plugin.DuckDbViewer.Tests.csproj", "{E3F0B6AF-24AF-4FFE-9573-8B305BBFF6C0}"
EndProject
Project("{2150E333-8FDC-42A3-9474-1A3956D46DE8}") = "tools", "tools", "{07C2787E-EAC7-C090-1BA3-A61EC2A24D84}"
EndProject
Project("{FAE04EC0-301F-11D3-BF4B-00C04F79EFBC}") = "DuckDbViewer.DevHost", "tools\DuckDbViewer.DevHost\DuckDbViewer.DevHost.csproj", "{308A5B79-0A9E-4E43-A240-1204A2F97B91}"
EndProject
Global
	GlobalSection(SolutionConfigurationPlatforms) = preSolution
		Debug|Any CPU = Debug|Any CPU
		Debug|x64 = Debug|x64
		Debug|x86 = Debug|x86
		Release|Any CPU = Release|Any CPU
		Release|x64 = Release|x64
		Release|x86 = Release|x86
	EndGlobalSection
	GlobalSection(ProjectConfigurationPlatforms) = postSolution
		{7A6FE029-A0CF-4FA7-8C72-322F4E7CBA40}.Debug|Any CPU.ActiveCfg = Debug|Any CPU
		{7A6FE029-A0CF-4FA7-8C72-322F4E7CBA40}.Debug|Any CPU.Build.0 = Debug|Any CPU
		{7A6FE029-A0CF-4FA7-8C72-322F4E7CBA40}.Debug|x64.ActiveCfg = Debug|Any CPU
		{7A6FE029-A0CF-4FA7-8C72-322F4E7CBA40}.Debug|x64.Build.0 = Debug|Any CPU
		{7A6FE029-A0CF-4FA7-8C72-322F4E7CBA40}.Debug|x86.ActiveCfg = Debug|Any CPU
		{7A6FE029-A0CF-4FA7-8C72-322F4E7CBA40}.Debug|x86.Build.0 = Debug|Any CPU
		{7A6FE029-A0CF-4FA7-8C72-322F4E7CBA40}.Release|Any CPU.ActiveCfg = Release|Any CPU
		{7A6FE029-A0CF-4FA7-8C72-322F4E7CBA40}.Release|Any CPU.Build.0 = Release|Any CPU
		{7A6FE029-A0CF-4FA7-8C72-322F4E7CBA40}.Release|x64.ActiveCfg = Release|Any CPU
		{7A6FE029-A0CF-4FA7-8C72-322F4E7CBA40}.Release|x64.Build.0 = Release|Any CPU
		{7A6FE029-A0CF-4FA7-8C72-322F4E7CBA40}.Release|x86.ActiveCfg = Release|Any CPU
		{7A6FE029-A0CF-4FA7-8C72-322F4E7CBA40}.Release|x86.Build.0 = Release|Any CPU
		{E3F0B6AF-24AF-4FFE-9573-8B305BBFF6C0}.Debug|Any CPU.ActiveCfg = Debug|Any CPU
		{E3F0B6AF-24AF-4FFE-9573-8B305BBFF6C0}.Debug|Any CPU.Build.0 = Debug|Any CPU
		{E3F0B6AF-24AF-4FFE-9573-8B305BBFF6C0}.Debug|x64.ActiveCfg = Debug|Any CPU
		{E3F0B6AF-24AF-4FFE-9573-8B305BBFF6C0}.Debug|x64.Build.0 = Debug|Any CPU
		{E3F0B6AF-24AF-4FFE-9573-8B305BBFF6C0}.Debug|x86.ActiveCfg = Debug|Any CPU
		{E3F0B6AF-24AF-4FFE-9573-8B305BBFF6C0}.Debug|x86.Build.0 = Debug|Any CPU
		{E3F0B6AF-24AF-4FFE-9573-8B305BBFF6C0}.Release|Any CPU.ActiveCfg = Release|Any CPU
		{E3F0B6AF-24AF-4FFE-9573-8B305BBFF6C0}.Release|Any CPU.Build.0 = Release|Any CPU
		{E3F0B6AF-24AF-4FFE-9573-8B305BBFF6C0}.Release|x64.ActiveCfg = Release|Any CPU
		{E3F0B6AF-24AF-4FFE-9573-8B305BBFF6C0}.Release|x64.Build.0 = Release|Any CPU
		{E3F0B6AF-24AF-4FFE-9573-8B305BBFF6C0}.Release|x86.ActiveCfg = Release|Any CPU
		{E3F0B6AF-24AF-4FFE-9573-8B305BBFF6C0}.Release|x86.Build.0 = Release|Any CPU
		{308A5B79-0A9E-4E43-A240-1204A2F97B91}.Debug|Any CPU.ActiveCfg = Debug|Any CPU
		{308A5B79-0A9E-4E43-A240-1204A2F97B91}.Debug|Any CPU.Build.0 = Debug|Any CPU
		{308A5B79-0A9E-4E43-A240-1204A2F97B91}.Debug|x64.ActiveCfg = Debug|Any CPU
		{308A5B79-0A9E-4E43-A240-1204A2F97B91}.Debug|x64.Build.0 = Debug|Any CPU
		{308A5B79-0A9E-4E43-A240-1204A2F97B91}.Debug|x86.ActiveCfg = Debug|Any CPU
		{308A5B79-0A9E-4E43-A240-1204A2F97B91}.Debug|x86.Build.0 = Debug|Any CPU
		{308A5B79-0A9E-4E43-A240-1204A2F97B91}.Release|Any CPU.ActiveCfg = Release|Any CPU
		{308A5B79-0A9E-4E43-A240-1204A2F97B91}.Release|Any CPU.Build.0 = Release|Any CPU
		{308A5B79-0A9E-4E43-A240-1204A2F97B91}.Release|x64.ActiveCfg = Release|Any CPU
		{308A5B79-0A9E-4E43-A240-1204A2F97B91}.Release|x64.Build.0 = Release|Any CPU
		{308A5B79-0A9E-4E43-A240-1204A2F97B91}.Release|x86.ActiveCfg = Release|Any CPU
		{308A5B79-0A9E-4E43-A240-1204A2F97B91}.Release|x86.Build.0 = Release|Any CPU
	EndGlobalSection
	GlobalSection(SolutionProperties) = preSolution
		HideSolutionNode = FALSE
	EndGlobalSection
	GlobalSection(NestedProjects) = preSolution
		{7A6FE029-A0CF-4FA7-8C72-322F4E7CBA40} = {827E0CD3-B72D-47B6-A68D-7590B98EB39B}
		{E3F0B6AF-24AF-4FFE-9573-8B305BBFF6C0} = {827E0CD3-B72D-47B6-A68D-7590B98EB39B}
		{308A5B79-0A9E-4E43-A240-1204A2F97B91} = {07C2787E-EAC7-C090-1BA3-A61EC2A24D84}
	EndGlobalSection
EndGlobal
