
Microsoft Visual Studio Solution File, Format Version 12.00
# Visual Studio Version 17
VisualStudioVersion = 17.0.31903.59
MinimumVisualStudioVersion = 10.0.40219.1
Project("{2150E333-8FDC-42A3-9474-1A3956D46DE8}") = "src", "src", "{827E0CD3-B72D-47B6-A68D-7590B98EB39B}"
EndProject
Project("{FAE04EC0-301F-11D3-BF4B-00C04F79EFBC}") = "QuickLook.Plugin.DuckDbViewer", "src\QuickLook.Plugin.DuckDbViewer\QuickLook.Plugin.DuckDbViewer.csproj", "{7A6FE029-A0CF-4FA7-8C72-322F4E7CBA40}"
EndProject
Project("{2150E333-8FDC-42A3-9474-1A3956D46DE8}") = "tools", "tools", "{07C2787E-EAC7-C090-1BA3-A61EC2A24D84}"
EndProject
Project("{FAE04EC0-301F-11D3-BF4B-00C04F79EFBC}") = "DuckDbViewer.DevHost", "tools\DuckDbViewer.DevHost\DuckDbViewer.DevHost.csproj", "{308A5B79-0A9E-4E43-A240-1204A2F97B91}"
EndProject
Project("{FAE04EC0-301F-11D3-BF4B-00C04F79EFBC}") = "DuckDbViewer.PreviewHandler", "src\DuckDbViewer.PreviewHandler\DuckDbViewer.PreviewHandler.csproj", "{B7424951-BA74-4871-B367-CAD0DFE6CEDB}"
EndProject
Project("{FAE04EC0-301F-11D3-BF4B-00C04F79EFBC}") = "DuckDbViewer.Core", "src\DuckDbViewer.Core\DuckDbViewer.Core.csproj", "{0EEB03DF-CF51-47A4-BE51-A82650C00ED3}"
EndProject
Project("{FAE04EC0-301F-11D3-BF4B-00C04F79EFBC}") = "DuckDbViewer.Tests", "tests\DuckDbViewer.Tests\DuckDbViewer.Tests.csproj", "{B32F2F56-F997-4AF9-92B2-B4C14549C12C}"
EndProject
Global
	GlobalSection(SolutionConfigurationPlatforms) = preSolution
		Debug|Any CPU = Debug|Any CPU
		Debug|x64 = Debug|x64
		Debug|x86 = Debug|x86
		Release|Any CPU = Release|Any CPU
		Release|x64 = Release|x64
		Release|x86 = Release|x86
	EndGlobalSection
	GlobalSection(ProjectConfigurationPlatforms) = postSolution
		{7A6FE029-A0CF-4FA7-8C72-322F4E7CBA40}.Debug|Any CPU.ActiveCfg = Debug|Any CPU
		{7A6FE029-A0CF-4FA7-8C72-322F4E7CBA40}.Debug|Any CPU.Build.0 = Debug|Any CPU
		{7A6FE029-A0CF-4FA7-8C72-322F4E7CBA40}.Debug|x64.ActiveCfg = Debug|Any CPU
		{7A6FE029-A0CF-4FA7-8C72-322F4E7CBA40}.Debug|x64.Build.0 = Debug|Any CPU
		{7A6FE029-A0CF-4FA7-8C72-322F4E7CBA40}.Debug|x86.ActiveCfg = Debug|Any CPU
		{7A6FE029-A0CF-4FA7-8C72-322F4E7CBA40}.Debug|x86.Build.0 = Debug|Any CPU
		{7A6FE029-A0CF-4FA7-8C72-322F4E7CBA40}.Release|Any CPU.ActiveCfg = Release|Any CPU
		{7A6FE029-A0CF-4FA7-8C72-322F4E7CBA40}.Release|Any CPU.Build.0 = Release|Any CPU
		{7A6FE029-A0CF-4FA7-8C72-322F4E7CBA40}.Release|x64.ActiveCfg = Release|Any CPU
		{7A6FE029-A0CF-4FA7-8C72-322F4E7CBA40}.Release|x64.Build.0 = Release|Any CPU
		{7A6FE029-A0CF-4FA7-8C72-322F4E7CBA40}.Release|x86.ActiveCfg = Release|Any CPU
		{7A6FE029-A0CF-4FA7-8C72-322F4E7CBA40}.Release|x86.Build.0 = Release|Any CPU
		{308A5B79-0A9E-4E43-A240-1204A2F97B91}.Debug|Any CPU.ActiveCfg = Debug|Any CPU
		{308A5B79-0A9E-4E43-A240-1204A2F97B91}.Debug|Any CPU.Build.0 = Debug|Any CPU
		{308A5B79-0A9E-4E43-A240-1204A2F97B91}.Debug|x64.ActiveCfg = Debug|Any CPU
		{308A5B79-0A9E-4E43-A240-1204A2F97B91}.Debug|x64.Build.0 = Debug|Any CPU
		{308A5B79-0A9E-4E43-A240-1204A2F97B91}.Debug|x86.ActiveCfg = Debug|Any CPU
		{308A5B79-0A9E-4E43-A240-1204A2F97B91}.Debug|x86.Build.0 = Debug|Any CPU
		{308A5B79-0A9E-4E43-A240-1204A2F97B91}.Release|Any CPU.ActiveCfg = Release|Any CPU
		{308A5B79-0A9E-4E43-A240-1204A2F97B91}.Release|Any CPU.Build.0 = Release|Any CPU
		{308A5B79-0A9E-4E43-A240-1204A2F97B91}.Release|x64.ActiveCfg = Release|Any CPU
		{308A5B79-0A9E-4E43-A240-1204A2F97B91}.Release|x64.Build.0 = Release|Any CPU
		{308A5B79-0A9E-4E43-A240-1204A2F97B91}.Release|x86.ActiveCfg = Release|Any CPU
		{308A5B79-0A9E-4E43-A240-1204A2F97B91}.Release|x86.Build.0 = Release|Any CPU
		{B7424951-BA74-4871-B367-CAD0DFE6CEDB}.Debug|Any CPU.ActiveCfg = Debug|Any CPU
		{B7424951-BA74-4871-B367-CAD0DFE6CEDB}.Debug|Any CPU.Build.0 = Debug|Any CPU
		{B7424951-BA74-4871-B367-CAD0DFE6CEDB}.Debug|x64.ActiveCfg = Debug|Any CPU
		{B7424951-BA74-4871-B367-CAD0DFE6CEDB}.Debug|x64.Build.0 = Debug|Any CPU
		{B7424951-BA74-4871-B367-CAD0DFE6CEDB}.Debug|x86.ActiveCfg = Debug|Any CPU
		{B7424951-BA74-4871-B367-CAD0DFE6CEDB}.Debug|x86.Build.0 = Debug|Any CPU
		{B7424951-BA74-4871-B367-CAD0DFE6CEDB}.Release|Any CPU.ActiveCfg = Release|Any CPU
		{B7424951-BA74-4871-B367-CAD0DFE6CEDB}.Release|Any CPU.Build.0 = Release|Any CPU
		{B7424951-BA74-4871-B367-CAD0DFE6CEDB}.Release|x64.ActiveCfg = Release|Any CPU
		{B7424951-BA74-4871-B367-CAD0DFE6CEDB}.Release|x64.Build.0 = Release|Any CPU
		{B7424951-BA74-4871-B367-CAD0DFE6CEDB}.Release|x86.ActiveCfg = Release|Any CPU
		{B7424951-BA74-4871-B367-CAD0DFE6CEDB}.Release|x86.Build.0 = Release|Any CPU
		{0EEB03DF-CF51-47A4-BE51-A82650C00ED3}.Debug|Any CPU.ActiveCfg = Debug|Any CPU
		{0EEB03DF-CF51-47A4-BE51-A82650C00ED3}.Debug|Any CPU.Build.0 = Debug|Any CPU
		{0EEB03DF-CF51-47A4-BE51-A82650C00ED3}.Debug|x64.ActiveCfg = Debug|Any CPU
		{0EEB03DF-CF51-47A4-BE51-A82650C00ED3}.Debug|x64.Build.0 = Debug|Any CPU
		{0EEB03DF-CF51-47A4-BE51-A82650C00ED3}.Debug|x86.ActiveCfg = Debug|Any CPU
		{0EEB03DF-CF51-47A4-BE51-A82650C00ED3}.Debug|x86.Build.0 = Debug|Any CPU
		{0EEB03DF-CF51-47A4-BE51-A82650C00ED3}.Release|Any CPU.ActiveCfg = Release|Any CPU
		{0EEB03DF-CF51-47A4-BE51-A82650C00ED3}.Release|Any CPU.Build.0 = Release|Any CPU
		{0EEB03DF-CF51-47A4-BE51-A82650C00ED3}.Release|x64.ActiveCfg = Release|Any CPU
		{0EEB03DF-CF51-47A4-BE51-A82650C00ED3}.Release|x64.Build.0 = Release|Any CPU
		{0EEB03DF-CF51-47A4-BE51-A82650C00ED3}.Release|x86.ActiveCfg = Release|Any CPU
		{0EEB03DF-CF51-47A4-BE51-A82650C00ED3}.Release|x86.Build.0 = Release|Any CPU
		{B32F2F56-F997-4AF9-92B2-B4C14549C12C}.Debug|Any CPU.ActiveCfg = Debug|Any CPU
		{B32F2F56-F997-4AF9-92B2-B4C14549C12C}.Debug|Any CPU.Build.0 = Debug|Any CPU
		{B32F2F56-F997-4AF9-92B2-B4C14549C12C}.Debug|x64.ActiveCfg = Debug|Any CPU
		{B32F2F56-F997-4AF9-92B2-B4C14549C12C}.Debug|x64.Build.0 = Debug|Any CPU
		{B32F2F56-F997-4AF9-92B2-B4C14549C12C}.Debug|x86.ActiveCfg = Debug|Any CPU
		{B32F2F56-F997-4AF9-92B2-B4C14549C12C}.Debug|x86.Build.0 = Debug|Any CPU
		{B32F2F56-F997-4AF9-92B2-B4C14549C12C}.Release|Any CPU.ActiveCfg = Release|Any CPU
		{B32F2F56-F997-4AF9-92B2-B4C14549C12C}.Release|Any CPU.Build.0 = Release|Any CPU
		{B32F2F56-F997-4AF9-92B2-B4C14549C12C}.Release|x64.ActiveCfg = Release|Any CPU
		{B32F2F56-F997-4AF9-92B2-B4C14549C12C}.Release|x64.Build.0 = Release|Any CPU
		{B32F2F56-F997-4AF9-92B2-B4C14549C12C}.Release|x86.ActiveCfg = Release|Any CPU
		{B32F2F56-F997-4AF9-92B2-B4C14549C12C}.Release|x86.Build.0 = Release|Any CPU
	EndGlobalSection
	GlobalSection(SolutionProperties) = preSolution
		HideSolutionNode = FALSE
	EndGlobalSection
	GlobalSection(NestedProjects) = preSolution
		{7A6FE029-A0CF-4FA7-8C72-322F4E7CBA40} = {827E0CD3-B72D-47B6-A68D-7590B98EB39B}
		{308A5B79-0A9E-4E43-A240-1204A2F97B91} = {07C2787E-EAC7-C090-1BA3-A61EC2A24D84}
		{B7424951-BA74-4871-B367-CAD0DFE6CEDB} = {827E0CD3-B72D-47B6-A68D-7590B98EB39B}
		{0EEB03DF-CF51-47A4-BE51-A82650C00ED3} = {827E0CD3-B72D-47B6-A68D-7590B98EB39B}
		{B32F2F56-F997-4AF9-92B2-B4C14549C12C} = {827E0CD3-B72D-47B6-A68D-7590B98EB39B}
	EndGlobalSection
EndGlobal
